
Microsoft Visual Studio Solution File, Format Version 12.00
# Visual Studio Version 16
VisualStudioVersion = 16.0.30114.105
MinimumVisualStudioVersion = 10.0.40219.1
Project("{FAE04EC0-301F-11D3-BF4B-00C04F79EFBC}") = "Penguin.Cms.Auditing.Repositories.Local", "Penguin.Cms.Auditing.Repositories.Local.csproj", "{D3FADEB1-7DA6-4FBD-8575-2FC296BF27DB}"
EndProject
Project("{FAE04EC0-301F-11D3-BF4B-00C04F79EFBC}") = "Penguin.Security.Abstractions.Local", "..\Penguin.Security.Abstractions\Penguin.Security.Abstractions.Local.csproj", "{49E65F3C-7B1C-460C-BF10-BEA875EEF424}"
EndProject
Project("{FAE04EC0-301F-11D3-BF4B-00C04F79EFBC}") = "Penguin.Cms.Auditing.Local", "..\Penguin.Cms.Auditing\Penguin.Cms.Auditing.Local.csproj", "{DD1235C7-CC32-4812-823E-5D5DF148901D}"
EndProject
Project("{FAE04EC0-301F-11D3-BF4B-00C04F79EFBC}") = "Penguin.Auditing.Abstractions.Local", "..\Penguin.Auditing.Abstractions\Penguin.Auditing.Abstractions.Local.csproj", "{ACF39149-BF8E-4C42-928F-E12122FA0CD3}"
EndProject
Project("{FAE04EC0-301F-11D3-BF4B-00C04F79EFBC}") = "Penguin.Cms.Abstractions.Local", "..\Penguin.Cms.Abstractions\Penguin.Cms.Abstractions.Local.csproj", "{BFF9EF22-DA38-4B51-A9FB-91589BC02D29}"
EndProject
Project("{FAE04EC0-301F-11D3-BF4B-00C04F79EFBC}") = "Penguin.DependencyInjection.Abstractions.Local", "..\Penguin.DependencyInjection.Abstractions\Penguin.DependencyInjection.Abstractions.Local.csproj", "{3D51191D-8257-48C5-B990-D53E500185FB}"
EndProject
Project("{FAE04EC0-301F-11D3-BF4B-00C04F79EFBC}") = "Penguin.Persistence.Abstractions.Local", "..\Penguin.Persistence.Abstractions\Penguin.Persistence.Abstractions.Local.csproj", "{051C6052-34A8-4D7D-982F-71C049F1D231}"
EndProject
Project("{FAE04EC0-301F-11D3-BF4B-00C04F79EFBC}") = "Penguin.Entities.Abstractions.Local", "..\Penguin.Entities.Abstractions\Penguin.Entities.Abstractions.Local.csproj", "{7FA05DBE-F8E0-44D4-9A3F-0548AC89186A}"
EndProject
Project("{FAE04EC0-301F-11D3-BF4B-00C04F79EFBC}") = "Penguin.Reflection.Extensions.Local", "..\Penguin.Reflection.Extensions\Penguin.Reflection.Extensions.Local.csproj", "{096203D9-1040-4334-B2FB-37ACBEB0F486}"
EndProject
Project("{FAE04EC0-301F-11D3-BF4B-00C04F79EFBC}") = "Penguin.Reflection.Abstractions.Local", "..\Penguin.Reflection.Abstractions\Penguin.Reflection.Abstractions.Local.csproj", "{92C66ADB-F2FF-4C9D-981A-827E21DA60EA}"
EndProject
Project("{FAE04EC0-301F-11D3-BF4B-00C04F79EFBC}") = "Penguin.Extensions.String.Local", "..\Penguin.Extensions.String\Penguin.Extensions.String.Local.csproj", "{61AC2B56-515F-4B86-9F9C-DB1BD9C7626B}"
EndProject
Project("{FAE04EC0-301F-11D3-BF4B-00C04F79EFBC}") = "Penguin.Cms.Entities.Local", "..\Penguin.Cms.Entities\Penguin.Cms.Entities.Local.csproj", "{48F04EDE-2D88-4745-AD1E-A6138C753061}"
EndProject
Project("{FAE04EC0-301F-11D3-BF4B-00C04F79EFBC}") = "Penguin.Cms.Repositories.Local", "..\Penguin.Cms.Repositories\Penguin.Cms.Repositories.Local.csproj", "{988EBF19-00DC-4B77-BD88-0A914CA48FDB}"
EndProject
Project("{FAE04EC0-301F-11D3-BF4B-00C04F79EFBC}") = "Penguin.Persistence.Repositories.Local", "..\Penguin.Persistence.Repositories\Penguin.Persistence.Repositories.Local.csproj", "{647EC949-7542-4D4A-B6E7-E53D00DDEAFF}"
EndProject
Project("{FAE04EC0-301F-11D3-BF4B-00C04F79EFBC}") = "Penguin.Messaging.Persistence.Local", "..\Penguin.Messaging.Persistence\Penguin.Messaging.Persistence.Local.csproj", "{7F557B21-A4D4-46A2-ADC4-947A71A1FAF3}"
EndProject
Project("{FAE04EC0-301F-11D3-BF4B-00C04F79EFBC}") = "Penguin.Messaging.Abstractions.Local", "..\Penguin.Messaging.Abstractions\Penguin.Messaging.Abstractions.Local.csproj", "{1FB73742-9CB2-4CFE-917B-B226BC161094}"
EndProject
Project("{FAE04EC0-301F-11D3-BF4B-00C04F79EFBC}") = "Penguin.Messaging.Core.Local", "..\Penguin.Messaging.Core\Penguin.Messaging.Core.Local.csproj", "{63B203C2-C79E-470A-8BA2-3C0628A7B2AA}"
EndProject
Project("{FAE04EC0-301F-11D3-BF4B-00C04F79EFBC}") = "Penguin.Debugging.Local", "..\Penguin.Debugging\Penguin.Debugging.Local.csproj", "{622C6802-4A5E-40A7-B049-E33B575A5833}"
EndProject
Project("{FAE04EC0-301F-11D3-BF4B-00C04F79EFBC}") = "Penguin.Extensions.Exceptions.Local", "..\Penguin.Extensions.Exceptions\Penguin.Extensions.Exceptions.Local.csproj", "{5258B418-A37B-4D64-B9CC-7CCF0426F854}"
EndProject
Project("{FAE04EC0-301F-11D3-BF4B-00C04F79EFBC}") = "Penguin.Reflection.Local", "..\Penguin.Reflection\Penguin.Reflection.Local.csproj", "{2AD3C434-AFF2-4A87-9A15-B4BDA050411C}"
EndProject
Global
	GlobalSection(SolutionConfigurationPlatforms) = preSolution
		Debug|Any CPU = Debug|Any CPU
		Debug|x64 = Debug|x64
		Debug|x86 = Debug|x86
		Release|Any CPU = Release|Any CPU
		Release|x64 = Release|x64
		Release|x86 = Release|x86
	EndGlobalSection
	GlobalSection(SolutionProperties) = preSolution
		HideSolutionNode = FALSE
	EndGlobalSection
	GlobalSection(ProjectConfigurationPlatforms) = postSolution
		{D3FADEB1-7DA6-4FBD-8575-2FC296BF27DB}.Debug|Any CPU.ActiveCfg = Debug|Any CPU
		{D3FADEB1-7DA6-4FBD-8575-2FC296BF27DB}.Debug|Any CPU.Build.0 = Debug|Any CPU
		{D3FADEB1-7DA6-4FBD-8575-2FC296BF27DB}.Debug|x64.ActiveCfg = Debug|Any CPU
		{D3FADEB1-7DA6-4FBD-8575-2FC296BF27DB}.Debug|x64.Build.0 = Debug|Any CPU
		{D3FADEB1-7DA6-4FBD-8575-2FC296BF27DB}.Debug|x86.ActiveCfg = Debug|Any CPU
		{D3FADEB1-7DA6-4FBD-8575-2FC296BF27DB}.Debug|x86.Build.0 = Debug|Any CPU
		{D3FADEB1-7DA6-4FBD-8575-2FC296BF27DB}.Release|Any CPU.ActiveCfg = Release|Any CPU
		{D3FADEB1-7DA6-4FBD-8575-2FC296BF27DB}.Release|Any CPU.Build.0 = Release|Any CPU
		{D3FADEB1-7DA6-4FBD-8575-2FC296BF27DB}.Release|x64.ActiveCfg = Release|Any CPU
		{D3FADEB1-7DA6-4FBD-8575-2FC296BF27DB}.Release|x64.Build.0 = Release|Any CPU
		{D3FADEB1-7DA6-4FBD-8575-2FC296BF27DB}.Release|x86.ActiveCfg = Release|Any CPU
		{D3FADEB1-7DA6-4FBD-8575-2FC296BF27DB}.Release|x86.Build.0 = Release|Any CPU
		{49E65F3C-7B1C-460C-BF10-BEA875EEF424}.Debug|Any CPU.ActiveCfg = Debug|Any CPU
		{49E65F3C-7B1C-460C-BF10-BEA875EEF424}.Debug|Any CPU.Build.0 = Debug|Any CPU
		{49E65F3C-7B1C-460C-BF10-BEA875EEF424}.Debug|x64.ActiveCfg = Debug|Any CPU
		{49E65F3C-7B1C-460C-BF10-BEA875EEF424}.Debug|x64.Build.0 = Debug|Any CPU
		{49E65F3C-7B1C-460C-BF10-BEA875EEF424}.Debug|x86.ActiveCfg = Debug|Any CPU
		{49E65F3C-7B1C-460C-BF10-BEA875EEF424}.Debug|x86.Build.0 = Debug|Any CPU
		{49E65F3C-7B1C-460C-BF10-BEA875EEF424}.Release|Any CPU.ActiveCfg = Release|Any CPU
		{49E65F3C-7B1C-460C-BF10-BEA875EEF424}.Release|Any CPU.Build.0 = Release|Any CPU
		{49E65F3C-7B1C-460C-BF10-BEA875EEF424}.Release|x64.ActiveCfg = Release|Any CPU
		{49E65F3C-7B1C-460C-BF10-BEA875EEF424}.Release|x64.Build.0 = Release|Any CPU
		{49E65F3C-7B1C-460C-BF10-BEA875EEF424}.Release|x86.ActiveCfg = Release|Any CPU
		{49E65F3C-7B1C-460C-BF10-BEA875EEF424}.Release|x86.Build.0 = Release|Any CPU
		{DD1235C7-CC32-4812-823E-5D5DF148901D}.Debug|Any CPU.ActiveCfg = Debug|Any CPU
		{DD1235C7-CC32-4812-823E-5D5DF148901D}.Debug|Any CPU.Build.0 = Debug|Any CPU
		{DD1235C7-CC32-4812-823E-5D5DF148901D}.Debug|x64.ActiveCfg = Debug|Any CPU
		{DD1235C7-CC32-4812-823E-5D5DF148901D}.Debug|x64.Build.0 = Debug|Any CPU
		{DD1235C7-CC32-4812-823E-5D5DF148901D}.Debug|x86.ActiveCfg = Debug|Any CPU
		{DD1235C7-CC32-4812-823E-5D5DF148901D}.Debug|x86.Build.0 = Debug|Any CPU
		{DD1235C7-CC32-4812-823E-5D5DF148901D}.Release|Any CPU.ActiveCfg = Release|Any CPU
		{DD1235C7-CC32-4812-823E-5D5DF148901D}.Release|Any CPU.Build.0 = Release|Any CPU
		{DD1235C7-CC32-4812-823E-5D5DF148901D}.Release|x64.ActiveCfg = Release|Any CPU
		{DD1235C7-CC32-4812-823E-5D5DF148901D}.Release|x64.Build.0 = Release|Any CPU
		{DD1235C7-CC32-4812-823E-5D5DF148901D}.Release|x86.ActiveCfg = Release|Any CPU
		{DD1235C7-CC32-4812-823E-5D5DF148901D}.Release|x86.Build.0 = Release|Any CPU
		{ACF39149-BF8E-4C42-928F-E12122FA0CD3}.Debug|Any CPU.ActiveCfg = Debug|Any CPU
		{ACF39149-BF8E-4C42-928F-E12122FA0CD3}.Debug|Any CPU.Build.0 = Debug|Any CPU
		{ACF39149-BF8E-4C42-928F-E12122FA0CD3}.Debug|x64.ActiveCfg = Debug|Any CPU
		{ACF39149-BF8E-4C42-928F-E12122FA0CD3}.Debug|x64.Build.0 = Debug|Any CPU
		{ACF39149-BF8E-4C42-928F-E12122FA0CD3}.Debug|x86.ActiveCfg = Debug|Any CPU
		{ACF39149-BF8E-4C42-928F-E12122FA0CD3}.Debug|x86.Build.0 = Debug|Any CPU
		{ACF39149-BF8E-4C42-928F-E12122FA0CD3}.Release|Any CPU.ActiveCfg = Release|Any CPU
		{ACF39149-BF8E-4C42-928F-E12122FA0CD3}.Release|Any CPU.Build.0 = Release|Any CPU
		{ACF39149-BF8E-4C42-928F-E12122FA0CD3}.Release|x64.ActiveCfg = Release|Any CPU
		{ACF39149-BF8E-4C42-928F-E12122FA0CD3}.Release|x64.Build.0 = Release|Any CPU
		{ACF39149-BF8E-4C42-928F-E12122FA0CD3}.Release|x86.ActiveCfg = Release|Any CPU
		{ACF39149-BF8E-4C42-928F-E12122FA0CD3}.Release|x86.Build.0 = Release|Any CPU
		{BFF9EF22-DA38-4B51-A9FB-91589BC02D29}.Debug|Any CPU.ActiveCfg = Debug|Any CPU
		{BFF9EF22-DA38-4B51-A9FB-91589BC02D29}.Debug|Any CPU.Build.0 = Debug|Any CPU
		{BFF9EF22-DA38-4B51-A9FB-91589BC02D29}.Debug|x64.ActiveCfg = Debug|Any CPU
		{BFF9EF22-DA38-4B51-A9FB-91589BC02D29}.Debug|x64.Build.0 = Debug|Any CPU
		{BFF9EF22-DA38-4B51-A9FB-91589BC02D29}.Debug|x86.ActiveCfg = Debug|Any CPU
		{BFF9EF22-DA38-4B51-A9FB-91589BC02D29}.Debug|x86.Build.0 = Debug|Any CPU
		{BFF9EF22-DA38-4B51-A9FB-91589BC02D29}.Release|Any CPU.ActiveCfg = Release|Any CPU
		{BFF9EF22-DA38-4B51-A9FB-91589BC02D29}.Release|Any CPU.Build.0 = Release|Any CPU
		{BFF9EF22-DA38-4B51-A9FB-91589BC02D29}.Release|x64.ActiveCfg = Release|Any CPU
		{BFF9EF22-DA38-4B51-A9FB-91589BC02D29}.Release|x64.Build.0 = Release|Any CPU
		{BFF9EF22-DA38-4B51-A9FB-91589BC02D29}.Release|x86.ActiveCfg = Release|Any CPU
		{BFF9EF22-DA38-4B51-A9FB-91589BC02D29}.Release|x86.Build.0 = Release|Any CPU
		{3D51191D-8257-48C5-B990-D53E500185FB}.Debug|Any CPU.ActiveCfg = Debug|Any CPU
		{3D51191D-8257-48C5-B990-D53E500185FB}.Debug|Any CPU.Build.0 = Debug|Any CPU
		{3D51191D-8257-48C5-B990-D53E500185FB}.Debug|x64.ActiveCfg = Debug|Any CPU
		{3D51191D-8257-48C5-B990-D53E500185FB}.Debug|x64.Build.0 = Debug|Any CPU
		{3D51191D-8257-48C5-B990-D53E500185FB}.Debug|x86.ActiveCfg = Debug|Any CPU
		{3D51191D-8257-48C5-B990-D53E500185FB}.Debug|x86.Build.0 = Debug|Any CPU
		{3D51191D-8257-48C5-B990-D53E500185FB}.Release|Any CPU.ActiveCfg = Release|Any CPU
		{3D51191D-8257-48C5-B990-D53E500185FB}.Release|Any CPU.Build.0 = Release|Any CPU
		{3D51191D-8257-48C5-B990-D53E500185FB}.Release|x64.ActiveCfg = Release|Any CPU
		{3D51191D-8257-48C5-B990-D53E500185FB}.Release|x64.Build.0 = Release|Any CPU
		{3D51191D-8257-48C5-B990-D53E500185FB}.Release|x86.ActiveCfg = Release|Any CPU
		{3D51191D-8257-48C5-B990-D53E500185FB}.Release|x86.Build.0 = Release|Any CPU
		{051C6052-34A8-4D7D-982F-71C049F1D231}.Debug|Any CPU.ActiveCfg = Debug|Any CPU
		{051C6052-34A8-4D7D-982F-71C049F1D231}.Debug|Any CPU.Build.0 = Debug|Any CPU
		{051C6052-34A8-4D7D-982F-71C049F1D231}.Debug|x64.ActiveCfg = Debug|Any CPU
		{051C6052-34A8-4D7D-982F-71C049F1D231}.Debug|x64.Build.0 = Debug|Any CPU
		{051C6052-34A8-4D7D-982F-71C049F1D231}.Debug|x86.ActiveCfg = Debug|Any CPU
		{051C6052-34A8-4D7D-982F-71C049F1D231}.Debug|x86.Build.0 = Debug|Any CPU
		{051C6052-34A8-4D7D-982F-71C049F1D231}.Release|Any CPU.ActiveCfg = Release|Any CPU
		{051C6052-34A8-4D7D-982F-71C049F1D231}.Release|Any CPU.Build.0 = Release|Any CPU
		{051C6052-34A8-4D7D-982F-71C049F1D231}.Release|x64.ActiveCfg = Release|Any CPU
		{051C6052-34A8-4D7D-982F-71C049F1D231}.Release|x64.Build.0 = Release|Any CPU
		{051C6052-34A8-4D7D-982F-71C049F1D231}.Release|x86.ActiveCfg = Release|Any CPU
		{051C6052-34A8-4D7D-982F-71C049F1D231}.Release|x86.Build.0 = Release|Any CPU
		{7FA05DBE-F8E0-44D4-9A3F-0548AC89186A}.Debug|Any CPU.ActiveCfg = Debug|Any CPU
		{7FA05DBE-F8E0-44D4-9A3F-0548AC89186A}.Debug|Any CPU.Build.0 = Debug|Any CPU
		{7FA05DBE-F8E0-44D4-9A3F-0548AC89186A}.Debug|x64.ActiveCfg = Debug|Any CPU
		{7FA05DBE-F8E0-44D4-9A3F-0548AC89186A}.Debug|x64.Build.0 = Debug|Any CPU
		{7FA05DBE-F8E0-44D4-9A3F-0548AC89186A}.Debug|x86.ActiveCfg = Debug|Any CPU
		{7FA05DBE-F8E0-44D4-9A3F-0548AC89186A}.Debug|x86.Build.0 = Debug|Any CPU
		{7FA05DBE-F8E0-44D4-9A3F-0548AC89186A}.Release|Any CPU.ActiveCfg = Release|Any CPU
		{7FA05DBE-F8E0-44D4-9A3F-0548AC89186A}.Release|Any CPU.Build.0 = Release|Any CPU
		{7FA05DBE-F8E0-44D4-9A3F-0548AC89186A}.Release|x64.ActiveCfg = Release|Any CPU
		{7FA05DBE-F8E0-44D4-9A3F-0548AC89186A}.Release|x64.Build.0 = Release|Any CPU
		{7FA05DBE-F8E0-44D4-9A3F-0548AC89186A}.Release|x86.ActiveCfg = Release|Any CPU
		{7FA05DBE-F8E0-44D4-9A3F-0548AC89186A}.Release|x86.Build.0 = Release|Any CPU
		{096203D9-1040-4334-B2FB-37ACBEB0F486}.Debug|Any CPU.ActiveCfg = Debug|Any CPU
		{096203D9-1040-4334-B2FB-37ACBEB0F486}.Debug|Any CPU.Build.0 = Debug|Any CPU
		{096203D9-1040-4334-B2FB-37ACBEB0F486}.Debug|x64.ActiveCfg = Debug|Any CPU
		{096203D9-1040-4334-B2FB-37ACBEB0F486}.Debug|x64.Build.0 = Debug|Any CPU
		{096203D9-1040-4334-B2FB-37ACBEB0F486}.Debug|x86.ActiveCfg = Debug|Any CPU
		{096203D9-1040-4334-B2FB-37ACBEB0F486}.Debug|x86.Build.0 = Debug|Any CPU
		{096203D9-1040-4334-B2FB-37ACBEB0F486}.Release|Any CPU.ActiveCfg = Release|Any CPU
		{096203D9-1040-4334-B2FB-37ACBEB0F486}.Release|Any CPU.Build.0 = Release|Any CPU
		{096203D9-1040-4334-B2FB-37ACBEB0F486}.Release|x64.ActiveCfg = Release|Any CPU
		{096203D9-1040-4334-B2FB-37ACBEB0F486}.Release|x64.Build.0 = Release|Any CPU
		{096203D9-1040-4334-B2FB-37ACBEB0F486}.Release|x86.ActiveCfg = Release|Any CPU
		{096203D9-1040-4334-B2FB-37ACBEB0F486}.Release|x86.Build.0 = Release|Any CPU
		{92C66ADB-F2FF-4C9D-981A-827E21DA60EA}.Debug|Any CPU.ActiveCfg = Debug|Any CPU
		{92C66ADB-F2FF-4C9D-981A-827E21DA60EA}.Debug|Any CPU.Build.0 = Debug|Any CPU
		{92C66ADB-F2FF-4C9D-981A-827E21DA60EA}.Debug|x64.ActiveCfg = Debug|Any CPU
		{92C66ADB-F2FF-4C9D-981A-827E21DA60EA}.Debug|x64.Build.0 = Debug|Any CPU
		{92C66ADB-F2FF-4C9D-981A-827E21DA60EA}.Debug|x86.ActiveCfg = Debug|Any CPU
		{92C66ADB-F2FF-4C9D-981A-827E21DA60EA}.Debug|x86.Build.0 = Debug|Any CPU
		{92C66ADB-F2FF-4C9D-981A-827E21DA60EA}.Release|Any CPU.ActiveCfg = Release|Any CPU
		{92C66ADB-F2FF-4C9D-981A-827E21DA60EA}.Release|Any CPU.Build.0 = Release|Any CPU
		{92C66ADB-F2FF-4C9D-981A-827E21DA60EA}.Release|x64.ActiveCfg = Release|Any CPU
		{92C66ADB-F2FF-4C9D-981A-827E21DA60EA}.Release|x64.Build.0 = Release|Any CPU
		{92C66ADB-F2FF-4C9D-981A-827E21DA60EA}.Release|x86.ActiveCfg = Release|Any CPU
		{92C66ADB-F2FF-4C9D-981A-827E21DA60EA}.Release|x86.Build.0 = Release|Any CPU
		{61AC2B56-515F-4B86-9F9C-DB1BD9C7626B}.Debug|Any CPU.ActiveCfg = Debug|Any CPU
		{61AC2B56-515F-4B86-9F9C-DB1BD9C7626B}.Debug|Any CPU.Build.0 = Debug|Any CPU
		{61AC2B56-515F-4B86-9F9C-DB1BD9C7626B}.Debug|x64.ActiveCfg = Debug|Any CPU
		{61AC2B56-515F-4B86-9F9C-DB1BD9C7626B}.Debug|x64.Build.0 = Debug|Any CPU
		{61AC2B56-515F-4B86-9F9C-DB1BD9C7626B}.Debug|x86.ActiveCfg = Debug|Any CPU
		{61AC2B56-515F-4B86-9F9C-DB1BD9C7626B}.Debug|x86.Build.0 = Debug|Any CPU
		{61AC2B56-515F-4B86-9F9C-DB1BD9C7626B}.Release|Any CPU.ActiveCfg = Release|Any CPU
		{61AC2B56-515F-4B86-9F9C-DB1BD9C7626B}.Release|Any CPU.Build.0 = Release|Any CPU
		{61AC2B56-515F-4B86-9F9C-DB1BD9C7626B}.Release|x64.ActiveCfg = Release|Any CPU
		{61AC2B56-515F-4B86-9F9C-DB1BD9C7626B}.Release|x64.Build.0 = Release|Any CPU
		{61AC2B56-515F-4B86-9F9C-DB1BD9C7626B}.Release|x86.ActiveCfg = Release|Any CPU
		{61AC2B56-515F-4B86-9F9C-DB1BD9C7626B}.Release|x86.Build.0 = Release|Any CPU
		{48F04EDE-2D88-4745-AD1E-A6138C753061}.Debug|Any CPU.ActiveCfg = Debug|Any CPU
		{48F04EDE-2D88-4745-AD1E-A6138C753061}.Debug|Any CPU.Build.0 = Debug|Any CPU
		{48F04EDE-2D88-4745-AD1E-A6138C753061}.Debug|x64.ActiveCfg = Debug|Any CPU
		{48F04EDE-2D88-4745-AD1E-A6138C753061}.Debug|x64.Build.0 = Debug|Any CPU
		{48F04EDE-2D88-4745-AD1E-A6138C753061}.Debug|x86.ActiveCfg = Debug|Any CPU
		{48F04EDE-2D88-4745-AD1E-A6138C753061}.Debug|x86.Build.0 = Debug|Any CPU
		{48F04EDE-2D88-4745-AD1E-A6138C753061}.Release|Any CPU.ActiveCfg = Release|Any CPU
		{48F04EDE-2D88-4745-AD1E-A6138C753061}.Release|Any CPU.Build.0 = Release|Any CPU
		{48F04EDE-2D88-4745-AD1E-A6138C753061}.Release|x64.ActiveCfg = Release|Any CPU
		{48F04EDE-2D88-4745-AD1E-A6138C753061}.Release|x64.Build.0 = Release|Any CPU
		{48F04EDE-2D88-4745-AD1E-A6138C753061}.Release|x86.ActiveCfg = Release|Any CPU
		{48F04EDE-2D88-4745-AD1E-A6138C753061}.Release|x86.Build.0 = Release|Any CPU
		{988EBF19-00DC-4B77-BD88-0A914CA48FDB}.Debug|Any CPU.ActiveCfg = Debug|Any CPU
		{988EBF19-00DC-4B77-BD88-0A914CA48FDB}.Debug|Any CPU.Build.0 = Debug|Any CPU
		{988EBF19-00DC-4B77-BD88-0A914CA48FDB}.Debug|x64.ActiveCfg = Debug|Any CPU
		{988EBF19-00DC-4B77-BD88-0A914CA48FDB}.Debug|x64.Build.0 = Debug|Any CPU
		{988EBF19-00DC-4B77-BD88-0A914CA48FDB}.Debug|x86.ActiveCfg = Debug|Any CPU
		{988EBF19-00DC-4B77-BD88-0A914CA48FDB}.Debug|x86.Build.0 = Debug|Any CPU
		{988EBF19-00DC-4B77-BD88-0A914CA48FDB}.Release|Any CPU.ActiveCfg = Release|Any CPU
		{988EBF19-00DC-4B77-BD88-0A914CA48FDB}.Release|Any CPU.Build.0 = Release|Any CPU
		{988EBF19-00DC-4B77-BD88-0A914CA48FDB}.Release|x64.ActiveCfg = Release|Any CPU
		{988EBF19-00DC-4B77-BD88-0A914CA48FDB}.Release|x64.Build.0 = Release|Any CPU
		{988EBF19-00DC-4B77-BD88-0A914CA48FDB}.Release|x86.ActiveCfg = Release|Any CPU
		{988EBF19-00DC-4B77-BD88-0A914CA48FDB}.Release|x86.Build.0 = Release|Any CPU
		{647EC949-7542-4D4A-B6E7-E53D00DDEAFF}.Debug|Any CPU.ActiveCfg = Debug|Any CPU
		{647EC949-7542-4D4A-B6E7-E53D00DDEAFF}.Debug|Any CPU.Build.0 = Debug|Any CPU
		{647EC949-7542-4D4A-B6E7-E53D00DDEAFF}.Debug|x64.ActiveCfg = Debug|Any CPU
		{647EC949-7542-4D4A-B6E7-E53D00DDEAFF}.Debug|x64.Build.0 = Debug|Any CPU
		{647EC949-7542-4D4A-B6E7-E53D00DDEAFF}.Debug|x86.ActiveCfg = Debug|Any CPU
		{647EC949-7542-4D4A-B6E7-E53D00DDEAFF}.Debug|x86.Build.0 = Debug|Any CPU
		{647EC949-7542-4D4A-B6E7-E53D00DDEAFF}.Release|Any CPU.ActiveCfg = Release|Any CPU
		{647EC949-7542-4D4A-B6E7-E53D00DDEAFF}.Release|Any CPU.Build.0 = Release|Any CPU
		{647EC949-7542-4D4A-B6E7-E53D00DDEAFF}.Release|x64.ActiveCfg = Release|Any CPU
		{647EC949-7542-4D4A-B6E7-E53D00DDEAFF}.Release|x64.Build.0 = Release|Any CPU
		{647EC949-7542-4D4A-B6E7-E53D00DDEAFF}.Release|x86.ActiveCfg = Release|Any CPU
		{647EC949-7542-4D4A-B6E7-E53D00DDEAFF}.Release|x86.Build.0 = Release|Any CPU
		{7F557B21-A4D4-46A2-ADC4-947A71A1FAF3}.Debug|Any CPU.ActiveCfg = Debug|Any CPU
		{7F557B21-A4D4-46A2-ADC4-947A71A1FAF3}.Debug|Any CPU.Build.0 = Debug|Any CPU
		{7F557B21-A4D4-46A2-ADC4-947A71A1FAF3}.Debug|x64.ActiveCfg = Debug|Any CPU
		{7F557B21-A4D4-46A2-ADC4-947A71A1FAF3}.Debug|x64.Build.0 = Debug|Any CPU
		{7F557B21-A4D4-46A2-ADC4-947A71A1FAF3}.Debug|x86.ActiveCfg = Debug|Any CPU
		{7F557B21-A4D4-46A2-ADC4-947A71A1FAF3}.Debug|x86.Build.0 = Debug|Any CPU
		{7F557B21-A4D4-46A2-ADC4-947A71A1FAF3}.Release|Any CPU.ActiveCfg = Release|Any CPU
		{7F557B21-A4D4-46A2-ADC4-947A71A1FAF3}.Release|Any CPU.Build.0 = Release|Any CPU
		{7F557B21-A4D4-46A2-ADC4-947A71A1FAF3}.Release|x64.ActiveCfg = Release|Any CPU
		{7F557B21-A4D4-46A2-ADC4-947A71A1FAF3}.Release|x64.Build.0 = Release|Any CPU
		{7F557B21-A4D4-46A2-ADC4-947A71A1FAF3}.Release|x86.ActiveCfg = Release|Any CPU
		{7F557B21-A4D4-46A2-ADC4-947A71A1FAF3}.Release|x86.Build.0 = Release|Any CPU
		{1FB73742-9CB2-4CFE-917B-B226BC161094}.Debug|Any CPU.ActiveCfg = Debug|Any CPU
		{1FB73742-9CB2-4CFE-917B-B226BC161094}.Debug|Any CPU.Build.0 = Debug|Any CPU
		{1FB73742-9CB2-4CFE-917B-B226BC161094}.Debug|x64.ActiveCfg = Debug|Any CPU
		{1FB73742-9CB2-4CFE-917B-B226BC161094}.Debug|x64.Build.0 = Debug|Any CPU
		{1FB73742-9CB2-4CFE-917B-B226BC161094}.Debug|x86.ActiveCfg = Debug|Any CPU
		{1FB73742-9CB2-4CFE-917B-B226BC161094}.Debug|x86.Build.0 = Debug|Any CPU
		{1FB73742-9CB2-4CFE-917B-B226BC161094}.Release|Any CPU.ActiveCfg = Release|Any CPU
		{1FB73742-9CB2-4CFE-917B-B226BC161094}.Release|Any CPU.Build.0 = Release|Any CPU
		{1FB73742-9CB2-4CFE-917B-B226BC161094}.Release|x64.ActiveCfg = Release|Any CPU
		{1FB73742-9CB2-4CFE-917B-B226BC161094}.Release|x64.Build.0 = Release|Any CPU
		{1FB73742-9CB2-4CFE-917B-B226BC161094}.Release|x86.ActiveCfg = Release|Any CPU
		{1FB73742-9CB2-4CFE-917B-B226BC161094}.Release|x86.Build.0 = Release|Any CPU
		{63B203C2-C79E-470A-8BA2-3C0628A7B2AA}.Debug|Any CPU.ActiveCfg = Debug|Any CPU
		{63B203C2-C79E-470A-8BA2-3C0628A7B2AA}.Debug|Any CPU.Build.0 = Debug|Any CPU
		{63B203C2-C79E-470A-8BA2-3C0628A7B2AA}.Debug|x64.ActiveCfg = Debug|Any CPU
		{63B203C2-C79E-470A-8BA2-3C0628A7B2AA}.Debug|x64.Build.0 = Debug|Any CPU
		{63B203C2-C79E-470A-8BA2-3C0628A7B2AA}.Debug|x86.ActiveCfg = Debug|Any CPU
		{63B203C2-C79E-470A-8BA2-3C0628A7B2AA}.Debug|x86.Build.0 = Debug|Any CPU
		{63B203C2-C79E-470A-8BA2-3C0628A7B2AA}.Release|Any CPU.ActiveCfg = Release|Any CPU
		{63B203C2-C79E-470A-8BA2-3C0628A7B2AA}.Release|Any CPU.Build.0 = Release|Any CPU
		{63B203C2-C79E-470A-8BA2-3C0628A7B2AA}.Release|x64.ActiveCfg = Release|Any CPU
		{63B203C2-C79E-470A-8BA2-3C0628A7B2AA}.Release|x64.Build.0 = Release|Any CPU
		{63B203C2-C79E-470A-8BA2-3C0628A7B2AA}.Release|x86.ActiveCfg = Release|Any CPU
		{63B203C2-C79E-470A-8BA2-3C0628A7B2AA}.Release|x86.Build.0 = Release|Any CPU
		{622C6802-4A5E-40A7-B049-E33B575A5833}.Debug|Any CPU.ActiveCfg = Debug|Any CPU
		{622C6802-4A5E-40A7-B049-E33B575A5833}.Debug|Any CPU.Build.0 = Debug|Any CPU
		{622C6802-4A5E-40A7-B049-E33B575A5833}.Debug|x64.ActiveCfg = Debug|Any CPU
		{622C6802-4A5E-40A7-B049-E33B575A5833}.Debug|x64.Build.0 = Debug|Any CPU
		{622C6802-4A5E-40A7-B049-E33B575A5833}.Debug|x86.ActiveCfg = Debug|Any CPU
		{622C6802-4A5E-40A7-B049-E33B575A5833}.Debug|x86.Build.0 = Debug|Any CPU
		{622C6802-4A5E-40A7-B049-E33B575A5833}.Release|Any CPU.ActiveCfg = Release|Any CPU
		{622C6802-4A5E-40A7-B049-E33B575A5833}.Release|Any CPU.Build.0 = Release|Any CPU
		{622C6802-4A5E-40A7-B049-E33B575A5833}.Release|x64.ActiveCfg = Release|Any CPU
		{622C6802-4A5E-40A7-B049-E33B575A5833}.Release|x64.Build.0 = Release|Any CPU
		{622C6802-4A5E-40A7-B049-E33B575A5833}.Release|x86.ActiveCfg = Release|Any CPU
		{622C6802-4A5E-40A7-B049-E33B575A5833}.Release|x86.Build.0 = Release|Any CPU
		{5258B418-A37B-4D64-B9CC-7CCF0426F854}.Debug|Any CPU.ActiveCfg = Debug|Any CPU
		{5258B418-A37B-4D64-B9CC-7CCF0426F854}.Debug|Any CPU.Build.0 = Debug|Any CPU
		{5258B418-A37B-4D64-B9CC-7CCF0426F854}.Debug|x64.ActiveCfg = Debug|Any CPU
		{5258B418-A37B-4D64-B9CC-7CCF0426F854}.Debug|x64.Build.0 = Debug|Any CPU
		{5258B418-A37B-4D64-B9CC-7CCF0426F854}.Debug|x86.ActiveCfg = Debug|Any CPU
		{5258B418-A37B-4D64-B9CC-7CCF0426F854}.Debug|x86.Build.0 = Debug|Any CPU
		{5258B418-A37B-4D64-B9CC-7CCF0426F854}.Release|Any CPU.ActiveCfg = Release|Any CPU
		{5258B418-A37B-4D64-B9CC-7CCF0426F854}.Release|Any CPU.Build.0 = Release|Any CPU
		{5258B418-A37B-4D64-B9CC-7CCF0426F854}.Release|x64.ActiveCfg = Release|Any CPU
		{5258B418-A37B-4D64-B9CC-7CCF0426F854}.Release|x64.Build.0 = Release|Any CPU
		{5258B418-A37B-4D64-B9CC-7CCF0426F854}.Release|x86.ActiveCfg = Release|Any CPU
		{5258B418-A37B-4D64-B9CC-7CCF0426F854}.Release|x86.Build.0 = Release|Any CPU
		{2AD3C434-AFF2-4A87-9A15-B4BDA050411C}.Debug|Any CPU.ActiveCfg = Debug|Any CPU
		{2AD3C434-AFF2-4A87-9A15-B4BDA050411C}.Debug|Any CPU.Build.0 = Debug|Any CPU
		{2AD3C434-AFF2-4A87-9A15-B4BDA050411C}.Debug|x64.ActiveCfg = Debug|Any CPU
		{2AD3C434-AFF2-4A87-9A15-B4BDA050411C}.Debug|x64.Build.0 = Debug|Any CPU
		{2AD3C434-AFF2-4A87-9A15-B4BDA050411C}.Debug|x86.ActiveCfg = Debug|Any CPU
		{2AD3C434-AFF2-4A87-9A15-B4BDA050411C}.Debug|x86.Build.0 = Debug|Any CPU
		{2AD3C434-AFF2-4A87-9A15-B4BDA050411C}.Release|Any CPU.ActiveCfg = Release|Any CPU
		{2AD3C434-AFF2-4A87-9A15-B4BDA050411C}.Release|Any CPU.Build.0 = Release|Any CPU
		{2AD3C434-AFF2-4A87-9A15-B4BDA050411C}.Release|x64.ActiveCfg = Release|Any CPU
		{2AD3C434-AFF2-4A87-9A15-B4BDA050411C}.Release|x64.Build.0 = Release|Any CPU
		{2AD3C434-AFF2-4A87-9A15-B4BDA050411C}.Release|x86.ActiveCfg = Release|Any CPU
		{2AD3C434-AFF2-4A87-9A15-B4BDA050411C}.Release|x86.Build.0 = Release|Any CPU
	EndGlobalSection
EndGlobal
