
Microsoft Visual Studio Solution File, Format Version 12.00
# Visual Studio 15
VisualStudioVersion = 15.0.26124.0
MinimumVisualStudioVersion = 15.0.26124.0
Project("{FAE04EC0-301F-11D3-BF4B-00C04F79EFBC}") = "Penguin.Cms.Auditing.Repositories.Local", "Penguin.Cms.Auditing.Repositories.Local.csproj", "{6DAD5087-C86D-44AD-A12E-D566491881F2}"
EndProject
Project("{FAE04EC0-301F-11D3-BF4B-00C04F79EFBC}") = "Penguin.Cms.Auditing.Local", "..\Penguin.Cms.Auditing\Penguin.Cms.Auditing.Local.csproj", "{BC8EF976-F498-4474-AFC2-0019D06D97B7}"
EndProject
Project("{FAE04EC0-301F-11D3-BF4B-00C04F79EFBC}") = "Penguin.Auditing.Abstractions.Local", "..\Penguin.Auditing.Abstractions\Penguin.Auditing.Abstractions.Local.csproj", "{AC99AD8A-60F9-478D-919C-5BDB61C97194}"
EndProject
Project("{FAE04EC0-301F-11D3-BF4B-00C04F79EFBC}") = "Penguin.Cms.Abstractions.Local", "..\Penguin.Cms.Abstractions\Penguin.Cms.Abstractions.Local.csproj", "{B1EE2C77-6780-400F-99EB-0593151207C5}"
EndProject
Project("{FAE04EC0-301F-11D3-BF4B-00C04F79EFBC}") = "Penguin.DependencyInjection.Abstractions.Local", "..\Penguin.DependencyInjection.Abstractions\Penguin.DependencyInjection.Abstractions.Local.csproj", "{29050BA7-7996-49DE-A7E7-516BB794CDA8}"
EndProject
Project("{FAE04EC0-301F-11D3-BF4B-00C04F79EFBC}") = "Penguin.Persistence.Abstractions.Local", "..\Penguin.Persistence.Abstractions\Penguin.Persistence.Abstractions.Local.csproj", "{D6C35C01-FA8C-4E4A-B8A6-20680BFC3F93}"
EndProject
Project("{FAE04EC0-301F-11D3-BF4B-00C04F79EFBC}") = "Penguin.Entities.Abstractions.Local", "..\Penguin.Entities.Abstractions\Penguin.Entities.Abstractions.Local.csproj", "{140D3367-52CC-4311-9D51-A5C408DE482C}"
EndProject
Project("{FAE04EC0-301F-11D3-BF4B-00C04F79EFBC}") = "Penguin.Reflection.Extensions.Local", "..\Penguin.Reflection.Extensions\Penguin.Reflection.Extensions.Local.csproj", "{FE74BB72-AAF0-4B98-8CFD-8E66FB93226C}"
EndProject
Project("{FAE04EC0-301F-11D3-BF4B-00C04F79EFBC}") = "Penguin.Extensions.String.Local", "..\Penguin.Extensions.String\Penguin.Extensions.String.Local.csproj", "{EA5AFE4F-287F-49E1-B1A7-2464F58A1EF5}"
EndProject
Project("{FAE04EC0-301F-11D3-BF4B-00C04F79EFBC}") = "Penguin.Reflection.Abstractions.Local", "..\Penguin.Reflection.Abstractions\Penguin.Reflection.Abstractions.Local.csproj", "{760B69EF-136A-41B7-826A-26FCFFCF7D12}"
EndProject
Project("{FAE04EC0-301F-11D3-BF4B-00C04F79EFBC}") = "Penguin.Cms.Entities.Local", "..\Penguin.Cms.Entities\Penguin.Cms.Entities.Local.csproj", "{9686F59B-76D7-4F7F-8EC9-8EF8EEA1BE99}"
EndProject
Project("{FAE04EC0-301F-11D3-BF4B-00C04F79EFBC}") = "Penguin.Cms.Repositories.Local", "..\Penguin.Cms.Repositories\Penguin.Cms.Repositories.Local.csproj", "{79764AF9-3D0D-4D03-B908-2ADD712E8436}"
EndProject
Project("{FAE04EC0-301F-11D3-BF4B-00C04F79EFBC}") = "Penguin.Messaging.Core.Local", "..\Penguin.Messaging.Core\Penguin.Messaging.Core.Local.csproj", "{24F19947-D674-459C-85DA-DAFBF9DBFF19}"
EndProject
Project("{FAE04EC0-301F-11D3-BF4B-00C04F79EFBC}") = "Penguin.Debugging.Local", "..\Penguin.Debugging\Penguin.Debugging.Local.csproj", "{FFF31EB7-94C8-4019-A644-9784391EAEA8}"
EndProject
Project("{FAE04EC0-301F-11D3-BF4B-00C04F79EFBC}") = "Penguin.Extensions.Exceptions.Local", "..\Penguin.Extensions.Exceptions\Penguin.Extensions.Exceptions.Local.csproj", "{9056F62C-0B55-4F28-94BB-FE47C54D84DF}"
EndProject
Project("{FAE04EC0-301F-11D3-BF4B-00C04F79EFBC}") = "Penguin.Messaging.Abstractions.Local", "..\Penguin.Messaging.Abstractions\Penguin.Messaging.Abstractions.Local.csproj", "{7492009A-BA57-47A4-99E7-383EECA8B890}"
EndProject
Project("{FAE04EC0-301F-11D3-BF4B-00C04F79EFBC}") = "Penguin.Persistence.Repositories.Local", "..\Penguin.Persistence.Repositories\Penguin.Persistence.Repositories.Local.csproj", "{71B1F4D7-5406-4312-B91D-924C867168BA}"
EndProject
Project("{FAE04EC0-301F-11D3-BF4B-00C04F79EFBC}") = "Penguin.Messaging.Persistence.Local", "..\Penguin.Messaging.Persistence\Penguin.Messaging.Persistence.Local.csproj", "{9465F8B6-87E5-4981-A461-F1A84291EF69}"
EndProject
Project("{FAE04EC0-301F-11D3-BF4B-00C04F79EFBC}") = "Penguin.Reflection.Local", "..\Penguin.Reflection\Penguin.Reflection.Local.csproj", "{667B2AD5-8C77-4AB8-A289-25B10B0A74FD}"
EndProject
Project("{FAE04EC0-301F-11D3-BF4B-00C04F79EFBC}") = "Penguin.Security.Abstractions.Local", "..\Penguin.Security.Abstractions\Penguin.Security.Abstractions.Local.csproj", "{421EDE2A-7C7C-4BB5-9EFC-2830BE85DE71}"
EndProject
Global
	GlobalSection(SolutionConfigurationPlatforms) = preSolution
		Debug|Any CPU = Debug|Any CPU
		Debug|x64 = Debug|x64
		Debug|x86 = Debug|x86
		Release|Any CPU = Release|Any CPU
		Release|x64 = Release|x64
		Release|x86 = Release|x86
	EndGlobalSection
	GlobalSection(SolutionProperties) = preSolution
		HideSolutionNode = FALSE
	EndGlobalSection
	GlobalSection(ProjectConfigurationPlatforms) = postSolution
		{6DAD5087-C86D-44AD-A12E-D566491881F2}.Debug|Any CPU.ActiveCfg = Debug|Any CPU
		{6DAD5087-C86D-44AD-A12E-D566491881F2}.Debug|Any CPU.Build.0 = Debug|Any CPU
		{6DAD5087-C86D-44AD-A12E-D566491881F2}.Debug|x64.ActiveCfg = Debug|Any CPU
		{6DAD5087-C86D-44AD-A12E-D566491881F2}.Debug|x64.Build.0 = Debug|Any CPU
		{6DAD5087-C86D-44AD-A12E-D566491881F2}.Debug|x86.ActiveCfg = Debug|Any CPU
		{6DAD5087-C86D-44AD-A12E-D566491881F2}.Debug|x86.Build.0 = Debug|Any CPU
		{6DAD5087-C86D-44AD-A12E-D566491881F2}.Release|Any CPU.ActiveCfg = Release|Any CPU
		{6DAD5087-C86D-44AD-A12E-D566491881F2}.Release|Any CPU.Build.0 = Release|Any CPU
		{6DAD5087-C86D-44AD-A12E-D566491881F2}.Release|x64.ActiveCfg = Release|Any CPU
		{6DAD5087-C86D-44AD-A12E-D566491881F2}.Release|x64.Build.0 = Release|Any CPU
		{6DAD5087-C86D-44AD-A12E-D566491881F2}.Release|x86.ActiveCfg = Release|Any CPU
		{6DAD5087-C86D-44AD-A12E-D566491881F2}.Release|x86.Build.0 = Release|Any CPU
		{BC8EF976-F498-4474-AFC2-0019D06D97B7}.Debug|Any CPU.ActiveCfg = Debug|Any CPU
		{BC8EF976-F498-4474-AFC2-0019D06D97B7}.Debug|Any CPU.Build.0 = Debug|Any CPU
		{BC8EF976-F498-4474-AFC2-0019D06D97B7}.Debug|x64.ActiveCfg = Debug|Any CPU
		{BC8EF976-F498-4474-AFC2-0019D06D97B7}.Debug|x64.Build.0 = Debug|Any CPU
		{BC8EF976-F498-4474-AFC2-0019D06D97B7}.Debug|x86.ActiveCfg = Debug|Any CPU
		{BC8EF976-F498-4474-AFC2-0019D06D97B7}.Debug|x86.Build.0 = Debug|Any CPU
		{BC8EF976-F498-4474-AFC2-0019D06D97B7}.Release|Any CPU.ActiveCfg = Release|Any CPU
		{BC8EF976-F498-4474-AFC2-0019D06D97B7}.Release|Any CPU.Build.0 = Release|Any CPU
		{BC8EF976-F498-4474-AFC2-0019D06D97B7}.Release|x64.ActiveCfg = Release|Any CPU
		{BC8EF976-F498-4474-AFC2-0019D06D97B7}.Release|x64.Build.0 = Release|Any CPU
		{BC8EF976-F498-4474-AFC2-0019D06D97B7}.Release|x86.ActiveCfg = Release|Any CPU
		{BC8EF976-F498-4474-AFC2-0019D06D97B7}.Release|x86.Build.0 = Release|Any CPU
		{AC99AD8A-60F9-478D-919C-5BDB61C97194}.Debug|Any CPU.ActiveCfg = Debug|Any CPU
		{AC99AD8A-60F9-478D-919C-5BDB61C97194}.Debug|Any CPU.Build.0 = Debug|Any CPU
		{AC99AD8A-60F9-478D-919C-5BDB61C97194}.Debug|x64.ActiveCfg = Debug|Any CPU
		{AC99AD8A-60F9-478D-919C-5BDB61C97194}.Debug|x64.Build.0 = Debug|Any CPU
		{AC99AD8A-60F9-478D-919C-5BDB61C97194}.Debug|x86.ActiveCfg = Debug|Any CPU
		{AC99AD8A-60F9-478D-919C-5BDB61C97194}.Debug|x86.Build.0 = Debug|Any CPU
		{AC99AD8A-60F9-478D-919C-5BDB61C97194}.Release|Any CPU.ActiveCfg = Release|Any CPU
		{AC99AD8A-60F9-478D-919C-5BDB61C97194}.Release|Any CPU.Build.0 = Release|Any CPU
		{AC99AD8A-60F9-478D-919C-5BDB61C97194}.Release|x64.ActiveCfg = Release|Any CPU
		{AC99AD8A-60F9-478D-919C-5BDB61C97194}.Release|x64.Build.0 = Release|Any CPU
		{AC99AD8A-60F9-478D-919C-5BDB61C97194}.Release|x86.ActiveCfg = Release|Any CPU
		{AC99AD8A-60F9-478D-919C-5BDB61C97194}.Release|x86.Build.0 = Release|Any CPU
		{B1EE2C77-6780-400F-99EB-0593151207C5}.Debug|Any CPU.ActiveCfg = Debug|Any CPU
		{B1EE2C77-6780-400F-99EB-0593151207C5}.Debug|Any CPU.Build.0 = Debug|Any CPU
		{B1EE2C77-6780-400F-99EB-0593151207C5}.Debug|x64.ActiveCfg = Debug|Any CPU
		{B1EE2C77-6780-400F-99EB-0593151207C5}.Debug|x64.Build.0 = Debug|Any CPU
		{B1EE2C77-6780-400F-99EB-0593151207C5}.Debug|x86.ActiveCfg = Debug|Any CPU
		{B1EE2C77-6780-400F-99EB-0593151207C5}.Debug|x86.Build.0 = Debug|Any CPU
		{B1EE2C77-6780-400F-99EB-0593151207C5}.Release|Any CPU.ActiveCfg = Release|Any CPU
		{B1EE2C77-6780-400F-99EB-0593151207C5}.Release|Any CPU.Build.0 = Release|Any CPU
		{B1EE2C77-6780-400F-99EB-0593151207C5}.Release|x64.ActiveCfg = Release|Any CPU
		{B1EE2C77-6780-400F-99EB-0593151207C5}.Release|x64.Build.0 = Release|Any CPU
		{B1EE2C77-6780-400F-99EB-0593151207C5}.Release|x86.ActiveCfg = Release|Any CPU
		{B1EE2C77-6780-400F-99EB-0593151207C5}.Release|x86.Build.0 = Release|Any CPU
		{29050BA7-7996-49DE-A7E7-516BB794CDA8}.Debug|Any CPU.ActiveCfg = Debug|Any CPU
		{29050BA7-7996-49DE-A7E7-516BB794CDA8}.Debug|Any CPU.Build.0 = Debug|Any CPU
		{29050BA7-7996-49DE-A7E7-516BB794CDA8}.Debug|x64.ActiveCfg = Debug|Any CPU
		{29050BA7-7996-49DE-A7E7-516BB794CDA8}.Debug|x64.Build.0 = Debug|Any CPU
		{29050BA7-7996-49DE-A7E7-516BB794CDA8}.Debug|x86.ActiveCfg = Debug|Any CPU
		{29050BA7-7996-49DE-A7E7-516BB794CDA8}.Debug|x86.Build.0 = Debug|Any CPU
		{29050BA7-7996-49DE-A7E7-516BB794CDA8}.Release|Any CPU.ActiveCfg = Release|Any CPU
		{29050BA7-7996-49DE-A7E7-516BB794CDA8}.Release|Any CPU.Build.0 = Release|Any CPU
		{29050BA7-7996-49DE-A7E7-516BB794CDA8}.Release|x64.ActiveCfg = Release|Any CPU
		{29050BA7-7996-49DE-A7E7-516BB794CDA8}.Release|x64.Build.0 = Release|Any CPU
		{29050BA7-7996-49DE-A7E7-516BB794CDA8}.Release|x86.ActiveCfg = Release|Any CPU
		{29050BA7-7996-49DE-A7E7-516BB794CDA8}.Release|x86.Build.0 = Release|Any CPU
		{D6C35C01-FA8C-4E4A-B8A6-20680BFC3F93}.Debug|Any CPU.ActiveCfg = Debug|Any CPU
		{D6C35C01-FA8C-4E4A-B8A6-20680BFC3F93}.Debug|Any CPU.Build.0 = Debug|Any CPU
		{D6C35C01-FA8C-4E4A-B8A6-20680BFC3F93}.Debug|x64.ActiveCfg = Debug|Any CPU
		{D6C35C01-FA8C-4E4A-B8A6-20680BFC3F93}.Debug|x64.Build.0 = Debug|Any CPU
		{D6C35C01-FA8C-4E4A-B8A6-20680BFC3F93}.Debug|x86.ActiveCfg = Debug|Any CPU
		{D6C35C01-FA8C-4E4A-B8A6-20680BFC3F93}.Debug|x86.Build.0 = Debug|Any CPU
		{D6C35C01-FA8C-4E4A-B8A6-20680BFC3F93}.Release|Any CPU.ActiveCfg = Release|Any CPU
		{D6C35C01-FA8C-4E4A-B8A6-20680BFC3F93}.Release|Any CPU.Build.0 = Release|Any CPU
		{D6C35C01-FA8C-4E4A-B8A6-20680BFC3F93}.Release|x64.ActiveCfg = Release|Any CPU
		{D6C35C01-FA8C-4E4A-B8A6-20680BFC3F93}.Release|x64.Build.0 = Release|Any CPU
		{D6C35C01-FA8C-4E4A-B8A6-20680BFC3F93}.Release|x86.ActiveCfg = Release|Any CPU
		{D6C35C01-FA8C-4E4A-B8A6-20680BFC3F93}.Release|x86.Build.0 = Release|Any CPU
		{140D3367-52CC-4311-9D51-A5C408DE482C}.Debug|Any CPU.ActiveCfg = Debug|Any CPU
		{140D3367-52CC-4311-9D51-A5C408DE482C}.Debug|Any CPU.Build.0 = Debug|Any CPU
		{140D3367-52CC-4311-9D51-A5C408DE482C}.Debug|x64.ActiveCfg = Debug|Any CPU
		{140D3367-52CC-4311-9D51-A5C408DE482C}.Debug|x64.Build.0 = Debug|Any CPU
		{140D3367-52CC-4311-9D51-A5C408DE482C}.Debug|x86.ActiveCfg = Debug|Any CPU
		{140D3367-52CC-4311-9D51-A5C408DE482C}.Debug|x86.Build.0 = Debug|Any CPU
		{140D3367-52CC-4311-9D51-A5C408DE482C}.Release|Any CPU.ActiveCfg = Release|Any CPU
		{140D3367-52CC-4311-9D51-A5C408DE482C}.Release|Any CPU.Build.0 = Release|Any CPU
		{140D3367-52CC-4311-9D51-A5C408DE482C}.Release|x64.ActiveCfg = Release|Any CPU
		{140D3367-52CC-4311-9D51-A5C408DE482C}.Release|x64.Build.0 = Release|Any CPU
		{140D3367-52CC-4311-9D51-A5C408DE482C}.Release|x86.ActiveCfg = Release|Any CPU
		{140D3367-52CC-4311-9D51-A5C408DE482C}.Release|x86.Build.0 = Release|Any CPU
		{FE74BB72-AAF0-4B98-8CFD-8E66FB93226C}.Debug|Any CPU.ActiveCfg = Debug|Any CPU
		{FE74BB72-AAF0-4B98-8CFD-8E66FB93226C}.Debug|Any CPU.Build.0 = Debug|Any CPU
		{FE74BB72-AAF0-4B98-8CFD-8E66FB93226C}.Debug|x64.ActiveCfg = Debug|Any CPU
		{FE74BB72-AAF0-4B98-8CFD-8E66FB93226C}.Debug|x64.Build.0 = Debug|Any CPU
		{FE74BB72-AAF0-4B98-8CFD-8E66FB93226C}.Debug|x86.ActiveCfg = Debug|Any CPU
		{FE74BB72-AAF0-4B98-8CFD-8E66FB93226C}.Debug|x86.Build.0 = Debug|Any CPU
		{FE74BB72-AAF0-4B98-8CFD-8E66FB93226C}.Release|Any CPU.ActiveCfg = Release|Any CPU
		{FE74BB72-AAF0-4B98-8CFD-8E66FB93226C}.Release|Any CPU.Build.0 = Release|Any CPU
		{FE74BB72-AAF0-4B98-8CFD-8E66FB93226C}.Release|x64.ActiveCfg = Release|Any CPU
		{FE74BB72-AAF0-4B98-8CFD-8E66FB93226C}.Release|x64.Build.0 = Release|Any CPU
		{FE74BB72-AAF0-4B98-8CFD-8E66FB93226C}.Release|x86.ActiveCfg = Release|Any CPU
		{FE74BB72-AAF0-4B98-8CFD-8E66FB93226C}.Release|x86.Build.0 = Release|Any CPU
		{EA5AFE4F-287F-49E1-B1A7-2464F58A1EF5}.Debug|Any CPU.ActiveCfg = Debug|Any CPU
		{EA5AFE4F-287F-49E1-B1A7-2464F58A1EF5}.Debug|Any CPU.Build.0 = Debug|Any CPU
		{EA5AFE4F-287F-49E1-B1A7-2464F58A1EF5}.Debug|x64.ActiveCfg = Debug|Any CPU
		{EA5AFE4F-287F-49E1-B1A7-2464F58A1EF5}.Debug|x64.Build.0 = Debug|Any CPU
		{EA5AFE4F-287F-49E1-B1A7-2464F58A1EF5}.Debug|x86.ActiveCfg = Debug|Any CPU
		{EA5AFE4F-287F-49E1-B1A7-2464F58A1EF5}.Debug|x86.Build.0 = Debug|Any CPU
		{EA5AFE4F-287F-49E1-B1A7-2464F58A1EF5}.Release|Any CPU.ActiveCfg = Release|Any CPU
		{EA5AFE4F-287F-49E1-B1A7-2464F58A1EF5}.Release|Any CPU.Build.0 = Release|Any CPU
		{EA5AFE4F-287F-49E1-B1A7-2464F58A1EF5}.Release|x64.ActiveCfg = Release|Any CPU
		{EA5AFE4F-287F-49E1-B1A7-2464F58A1EF5}.Release|x64.Build.0 = Release|Any CPU
		{EA5AFE4F-287F-49E1-B1A7-2464F58A1EF5}.Release|x86.ActiveCfg = Release|Any CPU
		{EA5AFE4F-287F-49E1-B1A7-2464F58A1EF5}.Release|x86.Build.0 = Release|Any CPU
		{760B69EF-136A-41B7-826A-26FCFFCF7D12}.Debug|Any CPU.ActiveCfg = Debug|Any CPU
		{760B69EF-136A-41B7-826A-26FCFFCF7D12}.Debug|Any CPU.Build.0 = Debug|Any CPU
		{760B69EF-136A-41B7-826A-26FCFFCF7D12}.Debug|x64.ActiveCfg = Debug|Any CPU
		{760B69EF-136A-41B7-826A-26FCFFCF7D12}.Debug|x64.Build.0 = Debug|Any CPU
		{760B69EF-136A-41B7-826A-26FCFFCF7D12}.Debug|x86.ActiveCfg = Debug|Any CPU
		{760B69EF-136A-41B7-826A-26FCFFCF7D12}.Debug|x86.Build.0 = Debug|Any CPU
		{760B69EF-136A-41B7-826A-26FCFFCF7D12}.Release|Any CPU.ActiveCfg = Release|Any CPU
		{760B69EF-136A-41B7-826A-26FCFFCF7D12}.Release|Any CPU.Build.0 = Release|Any CPU
		{760B69EF-136A-41B7-826A-26FCFFCF7D12}.Release|x64.ActiveCfg = Release|Any CPU
		{760B69EF-136A-41B7-826A-26FCFFCF7D12}.Release|x64.Build.0 = Release|Any CPU
		{760B69EF-136A-41B7-826A-26FCFFCF7D12}.Release|x86.ActiveCfg = Release|Any CPU
		{760B69EF-136A-41B7-826A-26FCFFCF7D12}.Release|x86.Build.0 = Release|Any CPU
		{9686F59B-76D7-4F7F-8EC9-8EF8EEA1BE99}.Debug|Any CPU.ActiveCfg = Debug|Any CPU
		{9686F59B-76D7-4F7F-8EC9-8EF8EEA1BE99}.Debug|Any CPU.Build.0 = Debug|Any CPU
		{9686F59B-76D7-4F7F-8EC9-8EF8EEA1BE99}.Debug|x64.ActiveCfg = Debug|Any CPU
		{9686F59B-76D7-4F7F-8EC9-8EF8EEA1BE99}.Debug|x64.Build.0 = Debug|Any CPU
		{9686F59B-76D7-4F7F-8EC9-8EF8EEA1BE99}.Debug|x86.ActiveCfg = Debug|Any CPU
		{9686F59B-76D7-4F7F-8EC9-8EF8EEA1BE99}.Debug|x86.Build.0 = Debug|Any CPU
		{9686F59B-76D7-4F7F-8EC9-8EF8EEA1BE99}.Release|Any CPU.ActiveCfg = Release|Any CPU
		{9686F59B-76D7-4F7F-8EC9-8EF8EEA1BE99}.Release|Any CPU.Build.0 = Release|Any CPU
		{9686F59B-76D7-4F7F-8EC9-8EF8EEA1BE99}.Release|x64.ActiveCfg = Release|Any CPU
		{9686F59B-76D7-4F7F-8EC9-8EF8EEA1BE99}.Release|x64.Build.0 = Release|Any CPU
		{9686F59B-76D7-4F7F-8EC9-8EF8EEA1BE99}.Release|x86.ActiveCfg = Release|Any CPU
		{9686F59B-76D7-4F7F-8EC9-8EF8EEA1BE99}.Release|x86.Build.0 = Release|Any CPU
		{79764AF9-3D0D-4D03-B908-2ADD712E8436}.Debug|Any CPU.ActiveCfg = Debug|Any CPU
		{79764AF9-3D0D-4D03-B908-2ADD712E8436}.Debug|Any CPU.Build.0 = Debug|Any CPU
		{79764AF9-3D0D-4D03-B908-2ADD712E8436}.Debug|x64.ActiveCfg = Debug|Any CPU
		{79764AF9-3D0D-4D03-B908-2ADD712E8436}.Debug|x64.Build.0 = Debug|Any CPU
		{79764AF9-3D0D-4D03-B908-2ADD712E8436}.Debug|x86.ActiveCfg = Debug|Any CPU
		{79764AF9-3D0D-4D03-B908-2ADD712E8436}.Debug|x86.Build.0 = Debug|Any CPU
		{79764AF9-3D0D-4D03-B908-2ADD712E8436}.Release|Any CPU.ActiveCfg = Release|Any CPU
		{79764AF9-3D0D-4D03-B908-2ADD712E8436}.Release|Any CPU.Build.0 = Release|Any CPU
		{79764AF9-3D0D-4D03-B908-2ADD712E8436}.Release|x64.ActiveCfg = Release|Any CPU
		{79764AF9-3D0D-4D03-B908-2ADD712E8436}.Release|x64.Build.0 = Release|Any CPU
		{79764AF9-3D0D-4D03-B908-2ADD712E8436}.Release|x86.ActiveCfg = Release|Any CPU
		{79764AF9-3D0D-4D03-B908-2ADD712E8436}.Release|x86.Build.0 = Release|Any CPU
		{24F19947-D674-459C-85DA-DAFBF9DBFF19}.Debug|Any CPU.ActiveCfg = Debug|Any CPU
		{24F19947-D674-459C-85DA-DAFBF9DBFF19}.Debug|Any CPU.Build.0 = Debug|Any CPU
		{24F19947-D674-459C-85DA-DAFBF9DBFF19}.Debug|x64.ActiveCfg = Debug|Any CPU
		{24F19947-D674-459C-85DA-DAFBF9DBFF19}.Debug|x64.Build.0 = Debug|Any CPU
		{24F19947-D674-459C-85DA-DAFBF9DBFF19}.Debug|x86.ActiveCfg = Debug|Any CPU
		{24F19947-D674-459C-85DA-DAFBF9DBFF19}.Debug|x86.Build.0 = Debug|Any CPU
		{24F19947-D674-459C-85DA-DAFBF9DBFF19}.Release|Any CPU.ActiveCfg = Release|Any CPU
		{24F19947-D674-459C-85DA-DAFBF9DBFF19}.Release|Any CPU.Build.0 = Release|Any CPU
		{24F19947-D674-459C-85DA-DAFBF9DBFF19}.Release|x64.ActiveCfg = Release|Any CPU
		{24F19947-D674-459C-85DA-DAFBF9DBFF19}.Release|x64.Build.0 = Release|Any CPU
		{24F19947-D674-459C-85DA-DAFBF9DBFF19}.Release|x86.ActiveCfg = Release|Any CPU
		{24F19947-D674-459C-85DA-DAFBF9DBFF19}.Release|x86.Build.0 = Release|Any CPU
		{FFF31EB7-94C8-4019-A644-9784391EAEA8}.Debug|Any CPU.ActiveCfg = Debug|Any CPU
		{FFF31EB7-94C8-4019-A644-9784391EAEA8}.Debug|Any CPU.Build.0 = Debug|Any CPU
		{FFF31EB7-94C8-4019-A644-9784391EAEA8}.Debug|x64.ActiveCfg = Debug|Any CPU
		{FFF31EB7-94C8-4019-A644-9784391EAEA8}.Debug|x64.Build.0 = Debug|Any CPU
		{FFF31EB7-94C8-4019-A644-9784391EAEA8}.Debug|x86.ActiveCfg = Debug|Any CPU
		{FFF31EB7-94C8-4019-A644-9784391EAEA8}.Debug|x86.Build.0 = Debug|Any CPU
		{FFF31EB7-94C8-4019-A644-9784391EAEA8}.Release|Any CPU.ActiveCfg = Release|Any CPU
		{FFF31EB7-94C8-4019-A644-9784391EAEA8}.Release|Any CPU.Build.0 = Release|Any CPU
		{FFF31EB7-94C8-4019-A644-9784391EAEA8}.Release|x64.ActiveCfg = Release|Any CPU
		{FFF31EB7-94C8-4019-A644-9784391EAEA8}.Release|x64.Build.0 = Release|Any CPU
		{FFF31EB7-94C8-4019-A644-9784391EAEA8}.Release|x86.ActiveCfg = Release|Any CPU
		{FFF31EB7-94C8-4019-A644-9784391EAEA8}.Release|x86.Build.0 = Release|Any CPU
		{9056F62C-0B55-4F28-94BB-FE47C54D84DF}.Debug|Any CPU.ActiveCfg = Debug|Any CPU
		{9056F62C-0B55-4F28-94BB-FE47C54D84DF}.Debug|Any CPU.Build.0 = Debug|Any CPU
		{9056F62C-0B55-4F28-94BB-FE47C54D84DF}.Debug|x64.ActiveCfg = Debug|Any CPU
		{9056F62C-0B55-4F28-94BB-FE47C54D84DF}.Debug|x64.Build.0 = Debug|Any CPU
		{9056F62C-0B55-4F28-94BB-FE47C54D84DF}.Debug|x86.ActiveCfg = Debug|Any CPU
		{9056F62C-0B55-4F28-94BB-FE47C54D84DF}.Debug|x86.Build.0 = Debug|Any CPU
		{9056F62C-0B55-4F28-94BB-FE47C54D84DF}.Release|Any CPU.ActiveCfg = Release|Any CPU
		{9056F62C-0B55-4F28-94BB-FE47C54D84DF}.Release|Any CPU.Build.0 = Release|Any CPU
		{9056F62C-0B55-4F28-94BB-FE47C54D84DF}.Release|x64.ActiveCfg = Release|Any CPU
		{9056F62C-0B55-4F28-94BB-FE47C54D84DF}.Release|x64.Build.0 = Release|Any CPU
		{9056F62C-0B55-4F28-94BB-FE47C54D84DF}.Release|x86.ActiveCfg = Release|Any CPU
		{9056F62C-0B55-4F28-94BB-FE47C54D84DF}.Release|x86.Build.0 = Release|Any CPU
		{7492009A-BA57-47A4-99E7-383EECA8B890}.Debug|Any CPU.ActiveCfg = Debug|Any CPU
		{7492009A-BA57-47A4-99E7-383EECA8B890}.Debug|Any CPU.Build.0 = Debug|Any CPU
		{7492009A-BA57-47A4-99E7-383EECA8B890}.Debug|x64.ActiveCfg = Debug|Any CPU
		{7492009A-BA57-47A4-99E7-383EECA8B890}.Debug|x64.Build.0 = Debug|Any CPU
		{7492009A-BA57-47A4-99E7-383EECA8B890}.Debug|x86.ActiveCfg = Debug|Any CPU
		{7492009A-BA57-47A4-99E7-383EECA8B890}.Debug|x86.Build.0 = Debug|Any CPU
		{7492009A-BA57-47A4-99E7-383EECA8B890}.Release|Any CPU.ActiveCfg = Release|Any CPU
		{7492009A-BA57-47A4-99E7-383EECA8B890}.Release|Any CPU.Build.0 = Release|Any CPU
		{7492009A-BA57-47A4-99E7-383EECA8B890}.Release|x64.ActiveCfg = Release|Any CPU
		{7492009A-BA57-47A4-99E7-383EECA8B890}.Release|x64.Build.0 = Release|Any CPU
		{7492009A-BA57-47A4-99E7-383EECA8B890}.Release|x86.ActiveCfg = Release|Any CPU
		{7492009A-BA57-47A4-99E7-383EECA8B890}.Release|x86.Build.0 = Release|Any CPU
		{71B1F4D7-5406-4312-B91D-924C867168BA}.Debug|Any CPU.ActiveCfg = Debug|Any CPU
		{71B1F4D7-5406-4312-B91D-924C867168BA}.Debug|Any CPU.Build.0 = Debug|Any CPU
		{71B1F4D7-5406-4312-B91D-924C867168BA}.Debug|x64.ActiveCfg = Debug|Any CPU
		{71B1F4D7-5406-4312-B91D-924C867168BA}.Debug|x64.Build.0 = Debug|Any CPU
		{71B1F4D7-5406-4312-B91D-924C867168BA}.Debug|x86.ActiveCfg = Debug|Any CPU
		{71B1F4D7-5406-4312-B91D-924C867168BA}.Debug|x86.Build.0 = Debug|Any CPU
		{71B1F4D7-5406-4312-B91D-924C867168BA}.Release|Any CPU.ActiveCfg = Release|Any CPU
		{71B1F4D7-5406-4312-B91D-924C867168BA}.Release|Any CPU.Build.0 = Release|Any CPU
		{71B1F4D7-5406-4312-B91D-924C867168BA}.Release|x64.ActiveCfg = Release|Any CPU
		{71B1F4D7-5406-4312-B91D-924C867168BA}.Release|x64.Build.0 = Release|Any CPU
		{71B1F4D7-5406-4312-B91D-924C867168BA}.Release|x86.ActiveCfg = Release|Any CPU
		{71B1F4D7-5406-4312-B91D-924C867168BA}.Release|x86.Build.0 = Release|Any CPU
		{9465F8B6-87E5-4981-A461-F1A84291EF69}.Debug|Any CPU.ActiveCfg = Debug|Any CPU
		{9465F8B6-87E5-4981-A461-F1A84291EF69}.Debug|Any CPU.Build.0 = Debug|Any CPU
		{9465F8B6-87E5-4981-A461-F1A84291EF69}.Debug|x64.ActiveCfg = Debug|Any CPU
		{9465F8B6-87E5-4981-A461-F1A84291EF69}.Debug|x64.Build.0 = Debug|Any CPU
		{9465F8B6-87E5-4981-A461-F1A84291EF69}.Debug|x86.ActiveCfg = Debug|Any CPU
		{9465F8B6-87E5-4981-A461-F1A84291EF69}.Debug|x86.Build.0 = Debug|Any CPU
		{9465F8B6-87E5-4981-A461-F1A84291EF69}.Release|Any CPU.ActiveCfg = Release|Any CPU
		{9465F8B6-87E5-4981-A461-F1A84291EF69}.Release|Any CPU.Build.0 = Release|Any CPU
		{9465F8B6-87E5-4981-A461-F1A84291EF69}.Release|x64.ActiveCfg = Release|Any CPU
		{9465F8B6-87E5-4981-A461-F1A84291EF69}.Release|x64.Build.0 = Release|Any CPU
		{9465F8B6-87E5-4981-A461-F1A84291EF69}.Release|x86.ActiveCfg = Release|Any CPU
		{9465F8B6-87E5-4981-A461-F1A84291EF69}.Release|x86.Build.0 = Release|Any CPU
		{667B2AD5-8C77-4AB8-A289-25B10B0A74FD}.Debug|Any CPU.ActiveCfg = Debug|Any CPU
		{667B2AD5-8C77-4AB8-A289-25B10B0A74FD}.Debug|Any CPU.Build.0 = Debug|Any CPU
		{667B2AD5-8C77-4AB8-A289-25B10B0A74FD}.Debug|x64.ActiveCfg = Debug|Any CPU
		{667B2AD5-8C77-4AB8-A289-25B10B0A74FD}.Debug|x64.Build.0 = Debug|Any CPU
		{667B2AD5-8C77-4AB8-A289-25B10B0A74FD}.Debug|x86.ActiveCfg = Debug|Any CPU
		{667B2AD5-8C77-4AB8-A289-25B10B0A74FD}.Debug|x86.Build.0 = Debug|Any CPU
		{667B2AD5-8C77-4AB8-A289-25B10B0A74FD}.Release|Any CPU.ActiveCfg = Release|Any CPU
		{667B2AD5-8C77-4AB8-A289-25B10B0A74FD}.Release|Any CPU.Build.0 = Release|Any CPU
		{667B2AD5-8C77-4AB8-A289-25B10B0A74FD}.Release|x64.ActiveCfg = Release|Any CPU
		{667B2AD5-8C77-4AB8-A289-25B10B0A74FD}.Release|x64.Build.0 = Release|Any CPU
		{667B2AD5-8C77-4AB8-A289-25B10B0A74FD}.Release|x86.ActiveCfg = Release|Any CPU
		{667B2AD5-8C77-4AB8-A289-25B10B0A74FD}.Release|x86.Build.0 = Release|Any CPU
		{421EDE2A-7C7C-4BB5-9EFC-2830BE85DE71}.Debug|Any CPU.ActiveCfg = Debug|Any CPU
		{421EDE2A-7C7C-4BB5-9EFC-2830BE85DE71}.Debug|Any CPU.Build.0 = Debug|Any CPU
		{421EDE2A-7C7C-4BB5-9EFC-2830BE85DE71}.Debug|x64.ActiveCfg = Debug|Any CPU
		{421EDE2A-7C7C-4BB5-9EFC-2830BE85DE71}.Debug|x64.Build.0 = Debug|Any CPU
		{421EDE2A-7C7C-4BB5-9EFC-2830BE85DE71}.Debug|x86.ActiveCfg = Debug|Any CPU
		{421EDE2A-7C7C-4BB5-9EFC-2830BE85DE71}.Debug|x86.Build.0 = Debug|Any CPU
		{421EDE2A-7C7C-4BB5-9EFC-2830BE85DE71}.Release|Any CPU.ActiveCfg = Release|Any CPU
		{421EDE2A-7C7C-4BB5-9EFC-2830BE85DE71}.Release|Any CPU.Build.0 = Release|Any CPU
		{421EDE2A-7C7C-4BB5-9EFC-2830BE85DE71}.Release|x64.ActiveCfg = Release|Any CPU
		{421EDE2A-7C7C-4BB5-9EFC-2830BE85DE71}.Release|x64.Build.0 = Release|Any CPU
		{421EDE2A-7C7C-4BB5-9EFC-2830BE85DE71}.Release|x86.ActiveCfg = Release|Any CPU
		{421EDE2A-7C7C-4BB5-9EFC-2830BE85DE71}.Release|x86.Build.0 = Release|Any CPU
	EndGlobalSection
EndGlobal
