
Microsoft Visual Studio Solution File, Format Version 12.00
# Visual Studio Version 16
VisualStudioVersion = 16.0.29306.81
MinimumVisualStudioVersion = 10.0.40219.1
Project("{FAE04EC0-301F-11D3-BF4B-00C04F79EFBC}") = "Penguin.Cms.Auditing.Repositories", "Penguin.Cms.Auditing.Repositories.csproj", "{1B0DDF3C-0321-41CA-9114-681B3DCA2CF3}"
EndProject
Global
	GlobalSection(SolutionConfigurationPlatforms) = preSolution
		Debug|Any CPU = Debug|Any CPU
		Release|Any CPU = Release|Any CPU
	EndGlobalSection
	GlobalSection(ProjectConfigurationPlatforms) = postSolution
		{1B0DDF3C-0321-41CA-9114-681B3DCA2CF3}.Debug|Any CPU.ActiveCfg = Debug|Any CPU
		{1B0DDF3C-0321-41CA-9114-681B3DCA2CF3}.Debug|Any CPU.Build.0 = Debug|Any CPU
		{1B0DDF3C-0321-41CA-9114-681B3DCA2CF3}.Release|Any CPU.ActiveCfg = Release|Any CPU
		{1B0DDF3C-0321-41CA-9114-681B3DCA2CF3}.Release|Any CPU.Build.0 = Release|Any CPU
	EndGlobalSection
	GlobalSection(SolutionProperties) = preSolution
		HideSolutionNode = FALSE
	EndGlobalSection
	GlobalSection(ExtensibilityGlobals) = postSolution
		SolutionGuid = {0E965512-F030-4D75-8FE7-740DA5F5CAD5}
	EndGlobalSection
EndGlobal
